
Microsoft Visual Studio Solution File, Format Version 12.00
# Visual Studio Version 16
VisualStudioVersion = 16.0.28803.156
MinimumVisualStudioVersion = 10.0.40219.1
Project("{FAE04EC0-301F-11D3-BF4B-00C04F79EFBC}") = "PDFGenerator", "PDFGenerator\PDFGenerator.csproj", "{617E43B7-0C3D-4BD5-A186-03EF84B9D06F}"
EndProject
Global
	GlobalSection(SolutionConfigurationPlatforms) = preSolution
		Debug|Any CPU = Debug|Any CPU
		Release|Any CPU = Release|Any CPU
	EndGlobalSection
	GlobalSection(ProjectConfigurationPlatforms) = postSolution
		{617E43B7-0C3D-4BD5-A186-03EF84B9D06F}.Debug|Any CPU.ActiveCfg = Debug|Any CPU
		{617E43B7-0C3D-4BD5-A186-03EF84B9D06F}.Debug|Any CPU.Build.0 = Debug|Any CPU
		{617E43B7-0C3D-4BD5-A186-03EF84B9D06F}.Release|Any CPU.ActiveCfg = Release|Any CPU
		{617E43B7-0C3D-4BD5-A186-03EF84B9D06F}.Release|Any CPU.Build.0 = Release|Any CPU
	EndGlobalSection
	GlobalSection(SolutionProperties) = preSolution
		HideSolutionNode = FALSE
	EndGlobalSection
	GlobalSection(ExtensibilityGlobals) = postSolution
		SolutionGuid = {A875732A-6994-4F2A-9B50-42AA20CFE884}
	EndGlobalSection
EndGlobal
